
Microsoft Visual Studio Solution File, Format Version 12.00
# Visual Studio Version 16
VisualStudioVersion = 16.0.29326.143
MinimumVisualStudioVersion = 10.0.40219.1
Project("{FAE04EC0-301F-11D3-BF4B-00C04F79EFBC}") = "Zadanie domowe 5.10.2019", "Zadanie domowe 5.10.2019\Zadanie domowe 5.10.2019.csproj", "{7B33284A-94AA-430A-A9C5-D81EF5D016FD}"
EndProject
Global
	GlobalSection(SolutionConfigurationPlatforms) = preSolution
		Debug|Any CPU = Debug|Any CPU
		Release|Any CPU = Release|Any CPU
	EndGlobalSection
	GlobalSection(ProjectConfigurationPlatforms) = postSolution
		{7B33284A-94AA-430A-A9C5-D81EF5D016FD}.Debug|Any CPU.ActiveCfg = Debug|Any CPU
		{7B33284A-94AA-430A-A9C5-D81EF5D016FD}.Debug|Any CPU.Build.0 = Debug|Any CPU
		{7B33284A-94AA-430A-A9C5-D81EF5D016FD}.Release|Any CPU.ActiveCfg = Release|Any CPU
		{7B33284A-94AA-430A-A9C5-D81EF5D016FD}.Release|Any CPU.Build.0 = Release|Any CPU
	EndGlobalSection
	GlobalSection(SolutionProperties) = preSolution
		HideSolutionNode = FALSE
	EndGlobalSection
	GlobalSection(ExtensibilityGlobals) = postSolution
		SolutionGuid = {3436EDA7-07AA-491D-BA48-0DD10FFBB877}
	EndGlobalSection
EndGlobal
