
Microsoft Visual Studio Solution File, Format Version 12.00
# Visual Studio Version 16
VisualStudioVersion = 16.0.29326.143
MinimumVisualStudioVersion = 10.0.40219.1
Project("{FAE04EC0-301F-11D3-BF4B-00C04F79EFBC}") = "Marcin_Lis_3_Rozdział", "Marcin_Lis_3_Rozdział\Marcin_Lis_3_Rozdział.csproj", "{97889605-9A01-46BC-A73C-E2C28AACF8A3}"
EndProject
Global
	GlobalSection(SolutionConfigurationPlatforms) = preSolution
		Debug|Any CPU = Debug|Any CPU
		Release|Any CPU = Release|Any CPU
	EndGlobalSection
	GlobalSection(ProjectConfigurationPlatforms) = postSolution
		{97889605-9A01-46BC-A73C-E2C28AACF8A3}.Debug|Any CPU.ActiveCfg = Debug|Any CPU
		{97889605-9A01-46BC-A73C-E2C28AACF8A3}.Debug|Any CPU.Build.0 = Debug|Any CPU
		{97889605-9A01-46BC-A73C-E2C28AACF8A3}.Release|Any CPU.ActiveCfg = Release|Any CPU
		{97889605-9A01-46BC-A73C-E2C28AACF8A3}.Release|Any CPU.Build.0 = Release|Any CPU
	EndGlobalSection
	GlobalSection(SolutionProperties) = preSolution
		HideSolutionNode = FALSE
	EndGlobalSection
	GlobalSection(ExtensibilityGlobals) = postSolution
		SolutionGuid = {167FA25F-D4BC-42CC-8557-856FA9EC3CAC}
	EndGlobalSection
EndGlobal
