
Microsoft Visual Studio Solution File, Format Version 12.00
# Visual Studio Version 16
VisualStudioVersion = 16.0.29326.143
MinimumVisualStudioVersion = 10.0.40219.1
Project("{FAE04EC0-301F-11D3-BF4B-00C04F79EFBC}") = "nr 3", "nr 3\nr 3.csproj", "{C573B729-39F3-41EF-823F-AAD0DCB85352}"
EndProject
Global
	GlobalSection(SolutionConfigurationPlatforms) = preSolution
		Debug|Any CPU = Debug|Any CPU
		Release|Any CPU = Release|Any CPU
	EndGlobalSection
	GlobalSection(ProjectConfigurationPlatforms) = postSolution
		{C573B729-39F3-41EF-823F-AAD0DCB85352}.Debug|Any CPU.ActiveCfg = Debug|Any CPU
		{C573B729-39F3-41EF-823F-AAD0DCB85352}.Debug|Any CPU.Build.0 = Debug|Any CPU
		{C573B729-39F3-41EF-823F-AAD0DCB85352}.Release|Any CPU.ActiveCfg = Release|Any CPU
		{C573B729-39F3-41EF-823F-AAD0DCB85352}.Release|Any CPU.Build.0 = Release|Any CPU
	EndGlobalSection
	GlobalSection(SolutionProperties) = preSolution
		HideSolutionNode = FALSE
	EndGlobalSection
	GlobalSection(ExtensibilityGlobals) = postSolution
		SolutionGuid = {C9127BFA-4BF4-4A87-86FA-69563F463B4B}
	EndGlobalSection
EndGlobal
