
Microsoft Visual Studio Solution File, Format Version 12.00
# Visual Studio Version 16
VisualStudioVersion = 16.0.29326.143
MinimumVisualStudioVersion = 10.0.40219.1
Project("{FAE04EC0-301F-11D3-BF4B-00C04F79EFBC}") = "lekcja2", "lekcja2\lekcja2.csproj", "{A046DB37-7F3E-474C-8287-BF83EFCB9BDF}"
EndProject
Global
	GlobalSection(SolutionConfigurationPlatforms) = preSolution
		Debug|Any CPU = Debug|Any CPU
		Release|Any CPU = Release|Any CPU
	EndGlobalSection
	GlobalSection(ProjectConfigurationPlatforms) = postSolution
		{A046DB37-7F3E-474C-8287-BF83EFCB9BDF}.Debug|Any CPU.ActiveCfg = Debug|Any CPU
		{A046DB37-7F3E-474C-8287-BF83EFCB9BDF}.Debug|Any CPU.Build.0 = Debug|Any CPU
		{A046DB37-7F3E-474C-8287-BF83EFCB9BDF}.Release|Any CPU.ActiveCfg = Release|Any CPU
		{A046DB37-7F3E-474C-8287-BF83EFCB9BDF}.Release|Any CPU.Build.0 = Release|Any CPU
	EndGlobalSection
	GlobalSection(SolutionProperties) = preSolution
		HideSolutionNode = FALSE
	EndGlobalSection
	GlobalSection(ExtensibilityGlobals) = postSolution
		SolutionGuid = {F0E9F217-975F-47E4-9311-9162F97847C9}
	EndGlobalSection
EndGlobal
